// !$*UTF8*$!
{
	archiveVersion = 1;
	classes = {
	};
	objectVersion = 50;
	objects = {

/* Begin PBXBuildFile section */
		0E8CEEA922D27A14003B714C /* AppDelegate.swift in Sources */ = {isa = PBXBuildFile; fileRef = 0E8CEEA822D27A14003B714C /* AppDelegate.swift */; };
		0E8CEEAB22D27A14003B714C /* SceneDelegate.swift in Sources */ = {isa = PBXBuildFile; fileRef = 0E8CEEAA22D27A14003B714C /* SceneDelegate.swift */; };
		0E8CEEAD22D27A14003B714C /* ContentView.swift in Sources */ = {isa = PBXBuildFile; fileRef = 0E8CEEAC22D27A14003B714C /* ContentView.swift */; };
		0E8CEEAF22D27A15003B714C /* Assets.xcassets in Resources */ = {isa = PBXBuildFile; fileRef = 0E8CEEAE22D27A15003B714C /* Assets.xcassets */; };
		0E8CEEB222D27A15003B714C /* Preview Assets.xcassets in Resources */ = {isa = PBXBuildFile; fileRef = 0E8CEEB122D27A15003B714C /* Preview Assets.xcassets */; };
		0E8CEEB522D27A15003B714C /* LaunchScreen.storyboard in Resources */ = {isa = PBXBuildFile; fileRef = 0E8CEEB322D27A15003B714C /* LaunchScreen.storyboard */; };
		0E8CEEBF22D29DE2003B714C /* Note.swift in Sources */ = {isa = PBXBuildFile; fileRef = 0E8CEEBD22D283B5003B714C /* Note.swift */; };
		0E8CEEC222D29FB9003B714C /* Firebase.swift in Sources */ = {isa = PBXBuildFile; fileRef = 0E8CEEC122D29FB9003B714C /* Firebase.swift */; };
		0E8CEEC422D2A163003B714C /* GoogleService-Info.plist in Resources */ = {isa = PBXBuildFile; fileRef = 0E8CEEC322D2A163003B714C /* GoogleService-Info.plist */; };
		77F8158383EFEBFB1962C161 /* Pods_swiftui_notes.framework in Frameworks */ = {isa = PBXBuildFile; fileRef = 6C56D1C35FF0A35D59113D8A /* Pods_swiftui_notes.framework */; };
/* End PBXBuildFile section */

/* Begin PBXFileReference section */
		0E8CEEA522D27A14003B714C /* swiftui-notes.app */ = {isa = PBXFileReference; explicitFileType = wrapper.application; includeInIndex = 0; path = "swiftui-notes.app"; sourceTree = BUILT_PRODUCTS_DIR; };
		0E8CEEA822D27A14003B714C /* AppDelegate.swift */ = {isa = PBXFileReference; lastKnownFileType = sourcecode.swift; path = AppDelegate.swift; sourceTree = "<group>"; };
		0E8CEEAA22D27A14003B714C /* SceneDelegate.swift */ = {isa = PBXFileReference; lastKnownFileType = sourcecode.swift; path = SceneDelegate.swift; sourceTree = "<group>"; };
		0E8CEEAC22D27A14003B714C /* ContentView.swift */ = {isa = PBXFileReference; lastKnownFileType = sourcecode.swift; path = ContentView.swift; sourceTree = "<group>"; };
		0E8CEEAE22D27A15003B714C /* Assets.xcassets */ = {isa = PBXFileReference; lastKnownFileType = folder.assetcatalog; path = Assets.xcassets; sourceTree = "<group>"; };
		0E8CEEB122D27A15003B714C /* Preview Assets.xcassets */ = {isa = PBXFileReference; lastKnownFileType = folder.assetcatalog; path = "Preview Assets.xcassets"; sourceTree = "<group>"; };
		0E8CEEB422D27A15003B714C /* Base */ = {isa = PBXFileReference; lastKnownFileType = file.storyboard; name = Base; path = Base.lproj/LaunchScreen.storyboard; sourceTree = "<group>"; };
		0E8CEEB622D27A15003B714C /* Info.plist */ = {isa = PBXFileReference; lastKnownFileType = text.plist.xml; path = Info.plist; sourceTree = "<group>"; };
		0E8CEEBD22D283B5003B714C /* Note.swift */ = {isa = PBXFileReference; lastKnownFileType = sourcecode.swift; path = Note.swift; sourceTree = "<group>"; };
		0E8CEEC122D29FB9003B714C /* Firebase.swift */ = {isa = PBXFileReference; lastKnownFileType = sourcecode.swift; path = Firebase.swift; sourceTree = "<group>"; };
		0E8CEEC322D2A163003B714C /* GoogleService-Info.plist */ = {isa = PBXFileReference; fileEncoding = 4; lastKnownFileType = text.plist.xml; path = "GoogleService-Info.plist"; sourceTree = "<group>"; };
		6C56D1C35FF0A35D59113D8A /* Pods_swiftui_notes.framework */ = {isa = PBXFileReference; explicitFileType = wrapper.framework; includeInIndex = 0; path = Pods_swiftui_notes.framework; sourceTree = BUILT_PRODUCTS_DIR; };
		7DA0DFE4192D8708AF9BED22 /* Pods-swiftui-notes.debug.xcconfig */ = {isa = PBXFileReference; includeInIndex = 1; lastKnownFileType = text.xcconfig; name = "Pods-swiftui-notes.debug.xcconfig"; path = "Target Support Files/Pods-swiftui-notes/Pods-swiftui-notes.debug.xcconfig"; sourceTree = "<group>"; };
		8EDCA4B5C6B5B07F82AC2B12 /* Pods-swiftui-notes.release.xcconfig */ = {isa = PBXFileReference; includeInIndex = 1; lastKnownFileType = text.xcconfig; name = "Pods-swiftui-notes.release.xcconfig"; path = "Target Support Files/Pods-swiftui-notes/Pods-swiftui-notes.release.xcconfig"; sourceTree = "<group>"; };
/* End PBXFileReference section */

/* Begin PBXFrameworksBuildPhase section */
		0E8CEEA222D27A14003B714C /* Frameworks */ = {
			isa = PBXFrameworksBuildPhase;
			buildActionMask = 2147483647;
			files = (
				77F8158383EFEBFB1962C161 /* Pods_swiftui_notes.framework in Frameworks */,
			);
			runOnlyForDeploymentPostprocessing = 0;
		};
/* End PBXFrameworksBuildPhase section */

/* Begin PBXGroup section */
		0E8CEE9C22D27A14003B714C = {
			isa = PBXGroup;
			children = (
				0E8CEEC322D2A163003B714C /* GoogleService-Info.plist */,
				0E8CEEA722D27A14003B714C /* swiftui-notes */,
				0E8CEEA622D27A14003B714C /* Products */,
				51EB711857E9706B553C9AAA /* Pods */,
				5D33D95088940BC9B82598FC /* Frameworks */,
			);
			sourceTree = "<group>";
		};
		0E8CEEA622D27A14003B714C /* Products */ = {
			isa = PBXGroup;
			children = (
				0E8CEEA522D27A14003B714C /* swiftui-notes.app */,
			);
			name = Products;
			sourceTree = "<group>";
		};
		0E8CEEA722D27A14003B714C /* swiftui-notes */ = {
			isa = PBXGroup;
			children = (
				0E8CEEBC22D283A2003B714C /* Models */,
				0E8CEEA822D27A14003B714C /* AppDelegate.swift */,
				0E8CEEAA22D27A14003B714C /* SceneDelegate.swift */,
				0E8CEEAC22D27A14003B714C /* ContentView.swift */,
				0E8CEEAE22D27A15003B714C /* Assets.xcassets */,
				0E8CEEB322D27A15003B714C /* LaunchScreen.storyboard */,
				0E8CEEB622D27A15003B714C /* Info.plist */,
				0E8CEEB022D27A15003B714C /* Preview Content */,
			);
			path = "swiftui-notes";
			sourceTree = "<group>";
		};
		0E8CEEB022D27A15003B714C /* Preview Content */ = {
			isa = PBXGroup;
			children = (
				0E8CEEB122D27A15003B714C /* Preview Assets.xcassets */,
			);
			path = "Preview Content";
			sourceTree = "<group>";
		};
		0E8CEEBC22D283A2003B714C /* Models */ = {
			isa = PBXGroup;
			children = (
				0E8CEEC122D29FB9003B714C /* Firebase.swift */,
				0E8CEEC022D29EA1003B714C /* Data Models */,
			);
			path = Models;
			sourceTree = "<group>";
		};
		0E8CEEC022D29EA1003B714C /* Data Models */ = {
			isa = PBXGroup;
			children = (
				0E8CEEBD22D283B5003B714C /* Note.swift */,
			);
			path = "Data Models";
			sourceTree = "<group>";
		};
		51EB711857E9706B553C9AAA /* Pods */ = {
			isa = PBXGroup;
			children = (
				7DA0DFE4192D8708AF9BED22 /* Pods-swiftui-notes.debug.xcconfig */,
				8EDCA4B5C6B5B07F82AC2B12 /* Pods-swiftui-notes.release.xcconfig */,
			);
			path = Pods;
			sourceTree = "<group>";
		};
		5D33D95088940BC9B82598FC /* Frameworks */ = {
			isa = PBXGroup;
			children = (
				6C56D1C35FF0A35D59113D8A /* Pods_swiftui_notes.framework */,
			);
			name = Frameworks;
			sourceTree = "<group>";
		};
/* End PBXGroup section */

/* Begin PBXNativeTarget section */
		0E8CEEA422D27A14003B714C /* swiftui-notes */ = {
			isa = PBXNativeTarget;
			buildConfigurationList = 0E8CEEB922D27A15003B714C /* Build configuration list for PBXNativeTarget "swiftui-notes" */;
			buildPhases = (
				31891DA1549538A2E494F823 /* [CP] Check Pods Manifest.lock */,
				0E8CEEA122D27A14003B714C /* Sources */,
				0E8CEEA222D27A14003B714C /* Frameworks */,
				0E8CEEA322D27A14003B714C /* Resources */,
				A227C0ABBD2B02C84D593DBD /* [CP] Embed Pods Frameworks */,
			);
			buildRules = (
			);
			dependencies = (
			);
			name = "swiftui-notes";
			productName = "swiftui-notes";
			productReference = 0E8CEEA522D27A14003B714C /* swiftui-notes.app */;
			productType = "com.apple.product-type.application";
		};
/* End PBXNativeTarget section */

/* Begin PBXProject section */
		0E8CEE9D22D27A14003B714C /* Project object */ = {
			isa = PBXProject;
			attributes = {
				LastSwiftUpdateCheck = 1100;
				LastUpgradeCheck = 1100;
				ORGANIZATIONNAME = "Nikolaos Rafail Nikolouzos";
				TargetAttributes = {
					0E8CEEA422D27A14003B714C = {
						CreatedOnToolsVersion = 11.0;
					};
				};
			};
			buildConfigurationList = 0E8CEEA022D27A14003B714C /* Build configuration list for PBXProject "swiftui-notes" */;
			compatibilityVersion = "Xcode 9.3";
			developmentRegion = en;
			hasScannedForEncodings = 0;
			knownRegions = (
				en,
				Base,
			);
			mainGroup = 0E8CEE9C22D27A14003B714C;
			productRefGroup = 0E8CEEA622D27A14003B714C /* Products */;
			projectDirPath = "";
			projectRoot = "";
			targets = (
				0E8CEEA422D27A14003B714C /* swiftui-notes */,
			);
		};
/* End PBXProject section */

/* Begin PBXResourcesBuildPhase section */
		0E8CEEA322D27A14003B714C /* Resources */ = {
			isa = PBXResourcesBuildPhase;
			buildActionMask = 2147483647;
			files = (
				0E8CEEB522D27A15003B714C /* LaunchScreen.storyboard in Resources */,
				0E8CEEC422D2A163003B714C /* GoogleService-Info.plist in Resources */,
				0E8CEEB222D27A15003B714C /* Preview Assets.xcassets in Resources */,
				0E8CEEAF22D27A15003B714C /* Assets.xcassets in Resources */,
			);
			runOnlyForDeploymentPostprocessing = 0;
		};
/* End PBXResourcesBuildPhase section */

/* Begin PBXShellScriptBuildPhase section */
		31891DA1549538A2E494F823 /* [CP] Check Pods Manifest.lock */ = {
			isa = PBXShellScriptBuildPhase;
			buildActionMask = 2147483647;
			files = (
			);
			inputFileListPaths = (
			);
			inputPaths = (
				"${PODS_PODFILE_DIR_PATH}/Podfile.lock",
				"${PODS_ROOT}/Manifest.lock",
			);
			name = "[CP] Check Pods Manifest.lock";
			outputFileListPaths = (
			);
			outputPaths = (
				"$(DERIVED_FILE_DIR)/Pods-swiftui-notes-checkManifestLockResult.txt",
			);
			runOnlyForDeploymentPostprocessing = 0;
			shellPath = /bin/sh;
			shellScript = "diff \"${PODS_PODFILE_DIR_PATH}/Podfile.lock\" \"${PODS_ROOT}/Manifest.lock\" > /dev/null\nif [ $? != 0 ] ; then\n    # print error to STDERR\n    echo \"error: The sandbox is not in sync with the Podfile.lock. Run 'pod install' or update your CocoaPods installation.\" >&2\n    exit 1\nfi\n# This output is used by Xcode 'outputs' to avoid re-running this script phase.\necho \"SUCCESS\" > \"${SCRIPT_OUTPUT_FILE_0}\"\n";
			showEnvVarsInLog = 0;
		};
		A227C0ABBD2B02C84D593DBD /* [CP] Embed Pods Frameworks */ = {
			isa = PBXShellScriptBuildPhase;
			buildActionMask = 2147483647;
			files = (
			);
			inputFileListPaths = (
				"${PODS_ROOT}/Target Support Files/Pods-swiftui-notes/Pods-swiftui-notes-frameworks-${CONFIGURATION}-input-files.xcfilelist",
			);
			name = "[CP] Embed Pods Frameworks";
			outputFileListPaths = (
				"${PODS_ROOT}/Target Support Files/Pods-swiftui-notes/Pods-swiftui-notes-frameworks-${CONFIGURATION}-output-files.xcfilelist",
			);
			runOnlyForDeploymentPostprocessing = 0;
			shellPath = /bin/sh;
			shellScript = "\"${PODS_ROOT}/Target Support Files/Pods-swiftui-notes/Pods-swiftui-notes-frameworks.sh\"\n";
			showEnvVarsInLog = 0;
		};
/* End PBXShellScriptBuildPhase section */

/* Begin PBXSourcesBuildPhase section */
		0E8CEEA122D27A14003B714C /* Sources */ = {
			isa = PBXSourcesBuildPhase;
			buildActionMask = 2147483647;
			files = (
				0E8CEEC222D29FB9003B714C /* Firebase.swift in Sources */,
				0E8CEEA922D27A14003B714C /* AppDelegate.swift in Sources */,
				0E8CEEAB22D27A14003B714C /* SceneDelegate.swift in Sources */,
				0E8CEEAD22D27A14003B714C /* ContentView.swift in Sources */,
				0E8CEEBF22D29DE2003B714C /* Note.swift in Sources */,
			);
			runOnlyForDeploymentPostprocessing = 0;
		};
/* End PBXSourcesBuildPhase section */

/* Begin PBXVariantGroup section */
		0E8CEEB322D27A15003B714C /* LaunchScreen.storyboard */ = {
			isa = PBXVariantGroup;
			children = (
				0E8CEEB422D27A15003B714C /* Base */,
			);
			name = LaunchScreen.storyboard;
			sourceTree = "<group>";
		};
/* End PBXVariantGroup section */

/* Begin XCBuildConfiguration section */
		0E8CEEB722D27A15003B714C /* Debug */ = {
			isa = XCBuildConfiguration;
			buildSettings = {
				ALWAYS_SEARCH_USER_PATHS = NO;
				CLANG_ANALYZER_NONNULL = YES;
				CLANG_ANALYZER_NUMBER_OBJECT_CONVERSION = YES_AGGRESSIVE;
				CLANG_CXX_LANGUAGE_STANDARD = "gnu++14";
				CLANG_CXX_LIBRARY = "libc++";
				CLANG_ENABLE_MODULES = YES;
				CLANG_ENABLE_OBJC_ARC = YES;
				CLANG_ENABLE_OBJC_WEAK = YES;
				CLANG_WARN_BLOCK_CAPTURE_AUTORELEASING = YES;
				CLANG_WARN_BOOL_CONVERSION = YES;
				CLANG_WARN_COMMA = YES;
				CLANG_WARN_CONSTANT_CONVERSION = YES;
				CLANG_WARN_DEPRECATED_OBJC_IMPLEMENTATIONS = YES;
				CLANG_WARN_DIRECT_OBJC_ISA_USAGE = YES_ERROR;
				CLANG_WARN_DOCUMENTATION_COMMENTS = YES;
				CLANG_WARN_EMPTY_BODY = YES;
				CLANG_WARN_ENUM_CONVERSION = YES;
				CLANG_WARN_INFINITE_RECURSION = YES;
				CLANG_WARN_INT_CONVERSION = YES;
				CLANG_WARN_NON_LITERAL_NULL_CONVERSION = YES;
				CLANG_WARN_OBJC_IMPLICIT_RETAIN_SELF = YES;
				CLANG_WARN_OBJC_LITERAL_CONVERSION = YES;
				CLANG_WARN_OBJC_ROOT_CLASS = YES_ERROR;
				CLANG_WARN_RANGE_LOOP_ANALYSIS = YES;
				CLANG_WARN_STRICT_PROTOTYPES = YES;
				CLANG_WARN_SUSPICIOUS_MOVE = YES;
				CLANG_WARN_UNGUARDED_AVAILABILITY = YES_AGGRESSIVE;
				CLANG_WARN_UNREACHABLE_CODE = YES;
				CLANG_WARN__DUPLICATE_METHOD_MATCH = YES;
				COPY_PHASE_STRIP = NO;
				DEBUG_INFORMATION_FORMAT = dwarf;
				ENABLE_STRICT_OBJC_MSGSEND = YES;
				ENABLE_TESTABILITY = YES;
				GCC_C_LANGUAGE_STANDARD = gnu11;
				GCC_DYNAMIC_NO_PIC = NO;
				GCC_NO_COMMON_BLOCKS = YES;
				GCC_OPTIMIZATION_LEVEL = 0;
				GCC_PREPROCESSOR_DEFINITIONS = (
					"DEBUG=1",
					"$(inherited)",
				);
				GCC_WARN_64_TO_32_BIT_CONVERSION = YES;
				GCC_WARN_ABOUT_RETURN_TYPE = YES_ERROR;
				GCC_WARN_UNDECLARED_SELECTOR = YES;
				GCC_WARN_UNINITIALIZED_AUTOS = YES_AGGRESSIVE;
				GCC_WARN_UNUSED_FUNCTION = YES;
				GCC_WARN_UNUSED_VARIABLE = YES;
				IPHONEOS_DEPLOYMENT_TARGET = 13.0;
				MTL_ENABLE_DEBUG_INFO = INCLUDE_SOURCE;
				MTL_FAST_MATH = YES;
				ONLY_ACTIVE_ARCH = YES;
				SDKROOT = iphoneos;
				SWIFT_ACTIVE_COMPILATION_CONDITIONS = DEBUG;
				SWIFT_OPTIMIZATION_LEVEL = "-Onone";
			};
			name = Debug;
		};
		0E8CEEB822D27A15003B714C /* Release */ = {
			isa = XCBuildConfiguration;
			buildSettings = {
				ALWAYS_SEARCH_USER_PATHS = NO;
				CLANG_ANALYZER_NONNULL = YES;
				CLANG_ANALYZER_NUMBER_OBJECT_CONVERSION = YES_AGGRESSIVE;
				CLANG_CXX_LANGUAGE_STANDARD = "gnu++14";
				CLANG_CXX_LIBRARY = "libc++";
				CLANG_ENABLE_MODULES = YES;
				CLANG_ENABLE_OBJC_ARC = YES;
				CLANG_ENABLE_OBJC_WEAK = YES;
				CLANG_WARN_BLOCK_CAPTURE_AUTORELEASING = YES;
				CLANG_WARN_BOOL_CONVERSION = YES;
				CLANG_WARN_COMMA = YES;
				CLANG_WARN_CONSTANT_CONVERSION = YES;
				CLANG_WARN_DEPRECATED_OBJC_IMPLEMENTATIONS = YES;
				CLANG_WARN_DIRECT_OBJC_ISA_USAGE = YES_ERROR;
				CLANG_WARN_DOCUMENTATION_COMMENTS = YES;
				CLANG_WARN_EMPTY_BODY = YES;
				CLANG_WARN_ENUM_CONVERSION = YES;
				CLANG_WARN_INFINITE_RECURSION = YES;
				CLANG_WARN_INT_CONVERSION = YES;
				CLANG_WARN_NON_LITERAL_NULL_CONVERSION = YES;
				CLANG_WARN_OBJC_IMPLICIT_RETAIN_SELF = YES;
				CLANG_WARN_OBJC_LITERAL_CONVERSION = YES;
				CLANG_WARN_OBJC_ROOT_CLASS = YES_ERROR;
				CLANG_WARN_RANGE_LOOP_ANALYSIS = YES;
				CLANG_WARN_STRICT_PROTOTYPES = YES;
				CLANG_WARN_SUSPICIOUS_MOVE = YES;
				CLANG_WARN_UNGUARDED_AVAILABILITY = YES_AGGRESSIVE;
				CLANG_WARN_UNREACHABLE_CODE = YES;
				CLANG_WARN__DUPLICATE_METHOD_MATCH = YES;
				COPY_PHASE_STRIP = NO;
				DEBUG_INFORMATION_FORMAT = "dwarf-with-dsym";
				ENABLE_NS_ASSERTIONS = NO;
				ENABLE_STRICT_OBJC_MSGSEND = YES;
				GCC_C_LANGUAGE_STANDARD = gnu11;
				GCC_NO_COMMON_BLOCKS = YES;
				GCC_WARN_64_TO_32_BIT_CONVERSION = YES;
				GCC_WARN_ABOUT_RETURN_TYPE = YES_ERROR;
				GCC_WARN_UNDECLARED_SELECTOR = YES;
				GCC_WARN_UNINITIALIZED_AUTOS = YES_AGGRESSIVE;
				GCC_WARN_UNUSED_FUNCTION = YES;
				GCC_WARN_UNUSED_VARIABLE = YES;
				IPHONEOS_DEPLOYMENT_TARGET = 13.0;
				MTL_ENABLE_DEBUG_INFO = NO;
				MTL_FAST_MATH = YES;
				SDKROOT = iphoneos;
				SWIFT_COMPILATION_MODE = wholemodule;
				SWIFT_OPTIMIZATION_LEVEL = "-O";
				VALIDATE_PRODUCT = YES;
			};
			name = Release;
		};
		0E8CEEBA22D27A15003B714C /* Debug */ = {
			isa = XCBuildConfiguration;
			baseConfigurationReference = 7DA0DFE4192D8708AF9BED22 /* Pods-swiftui-notes.debug.xcconfig */;
			buildSettings = {
				ASSETCATALOG_COMPILER_APPICON_NAME = AppIcon;
				CODE_SIGN_STYLE = Automatic;
				DEVELOPMENT_ASSET_PATHS = "swiftui-notes/Preview\\ Content";
				DEVELOPMENT_TEAM = SRXH896CXH;
				ENABLE_PREVIEWS = YES;
				INFOPLIST_FILE = "swiftui-notes/Info.plist";
				LD_RUNPATH_SEARCH_PATHS = (
					"$(inherited)",
					"@executable_path/Frameworks",
				);
				PRODUCT_BUNDLE_IDENTIFIER = "xyz.nikolouzos.swiftui-notes";
				PRODUCT_NAME = "$(TARGET_NAME)";
				SWIFT_VERSION = 5.0;
				TARGETED_DEVICE_FAMILY = "1,2";
			};
			name = Debug;
		};
		0E8CEEBB22D27A15003B714C /* Release */ = {
			isa = XCBuildConfiguration;
			baseConfigurationReference = 8EDCA4B5C6B5B07F82AC2B12 /* Pods-swiftui-notes.release.xcconfig */;
			buildSettings = {
				ASSETCATALOG_COMPILER_APPICON_NAME = AppIcon;
				CODE_SIGN_STYLE = Automatic;
				DEVELOPMENT_ASSET_PATHS = "swiftui-notes/Preview\\ Content";
				DEVELOPMENT_TEAM = SRXH896CXH;
				ENABLE_PREVIEWS = YES;
				INFOPLIST_FILE = "swiftui-notes/Info.plist";
				LD_RUNPATH_SEARCH_PATHS = (
					"$(inherited)",
					"@executable_path/Frameworks",
				);
				PRODUCT_BUNDLE_IDENTIFIER = "xyz.nikolouzos.swiftui-notes";
				PRODUCT_NAME = "$(TARGET_NAME)";
				SWIFT_VERSION = 5.0;
				TARGETED_DEVICE_FAMILY = "1,2";
			};
			name = Release;
		};
/* End XCBuildConfiguration section */

/* Begin XCConfigurationList section */
		0E8CEEA022D27A14003B714C /* Build configuration list for PBXProject "swiftui-notes" */ = {
			isa = XCConfigurationList;
			buildConfigurations = (
				0E8CEEB722D27A15003B714C /* Debug */,
				0E8CEEB822D27A15003B714C /* Release */,
			);
			defaultConfigurationIsVisible = 0;
			defaultConfigurationName = Release;
		};
		0E8CEEB922D27A15003B714C /* Build configuration list for PBXNativeTarget "swiftui-notes" */ = {
			isa = XCConfigurationList;
			buildConfigurations = (
				0E8CEEBA22D27A15003B714C /* Debug */,
				0E8CEEBB22D27A15003B714C /* Release */,
			);
			defaultConfigurationIsVisible = 0;
			defaultConfigurationName = Release;
		};
/* End XCConfigurationList section */
	};
	rootObject = 0E8CEE9D22D27A14003B714C /* Project object */;
}
